
Microsoft Visual Studio Solution File, Format Version 12.00
# Visual Studio Version 17
VisualStudioVersion = 17.0.31903.59
MinimumVisualStudioVersion = 10.0.40219.1
Project("{FAE04EC0-301F-11D3-BF4B-00C04F79EFBC}") = "LegacyVault.Prototype.Domain", "LegacyVault.Prototype.Domain\LegacyVault.Prototype.Domain.csproj", "{40035F73-C237-4F75-A3B6-FCE5AC1E7D45}"
EndProject
Project("{FAE04EC0-301F-11D3-BF4B-00C04F79EFBC}") = "LegacyVault.Prototype.Application", "LegacyVault.Prototype.Application\LegacyVault.Prototype.Application.csproj", "{16DDF2CA-54C7-4F46-A1E0-B1B14B9D1A8E}"
EndProject
Project("{FAE04EC0-301F-11D3-BF4B-00C04F79EFBC}") = "LegacyVault.Prototype.Infrastructure", "LegacyVault.Prototype.Infrastructure\LegacyVault.Prototype.Infrastructure.csproj", "{01219B70-B514-4E44-B8B8-FA2FBF29590F}"
EndProject
Project("{FAE04EC0-301F-11D3-BF4B-00C04F79EFBC}") = "LegacyVault.Prototype.WebApi", "LegacyVault.Prototype.WebApi\LegacyVault.Prototype.WebApi.csproj", "{F4F992A6-7DAD-445C-92B5-A473A1632D76}"
EndProject
Project("{FAE04EC0-301F-11D3-BF4B-00C04F79EFBC}") = "LegacyVault.Prototype.Tests", "LegacyVault.Prototype.Tests\LegacyVault.Prototype.Tests.csproj", "{53F3FD64-FBB4-4558-B9CF-5A16181DF958}"
EndProject
Global
	GlobalSection(SolutionConfigurationPlatforms) = preSolution
		Debug|Any CPU = Debug|Any CPU
		Release|Any CPU = Release|Any CPU
	EndGlobalSection
	GlobalSection(SolutionProperties) = preSolution
		HideSolutionNode = FALSE
	EndGlobalSection
	GlobalSection(ProjectConfigurationPlatforms) = postSolution
		{40035F73-C237-4F75-A3B6-FCE5AC1E7D45}.Debug|Any CPU.ActiveCfg = Debug|Any CPU
		{40035F73-C237-4F75-A3B6-FCE5AC1E7D45}.Debug|Any CPU.Build.0 = Debug|Any CPU
		{40035F73-C237-4F75-A3B6-FCE5AC1E7D45}.Release|Any CPU.ActiveCfg = Release|Any CPU
		{40035F73-C237-4F75-A3B6-FCE5AC1E7D45}.Release|Any CPU.Build.0 = Release|Any CPU
		{16DDF2CA-54C7-4F46-A1E0-B1B14B9D1A8E}.Debug|Any CPU.ActiveCfg = Debug|Any CPU
		{16DDF2CA-54C7-4F46-A1E0-B1B14B9D1A8E}.Debug|Any CPU.Build.0 = Debug|Any CPU
		{16DDF2CA-54C7-4F46-A1E0-B1B14B9D1A8E}.Release|Any CPU.ActiveCfg = Release|Any CPU
		{16DDF2CA-54C7-4F46-A1E0-B1B14B9D1A8E}.Release|Any CPU.Build.0 = Release|Any CPU
		{01219B70-B514-4E44-B8B8-FA2FBF29590F}.Debug|Any CPU.ActiveCfg = Debug|Any CPU
		{01219B70-B514-4E44-B8B8-FA2FBF29590F}.Debug|Any CPU.Build.0 = Debug|Any CPU
		{01219B70-B514-4E44-B8B8-FA2FBF29590F}.Release|Any CPU.ActiveCfg = Release|Any CPU
		{01219B70-B514-4E44-B8B8-FA2FBF29590F}.Release|Any CPU.Build.0 = Release|Any CPU
		{F4F992A6-7DAD-445C-92B5-A473A1632D76}.Debug|Any CPU.ActiveCfg = Debug|Any CPU
		{F4F992A6-7DAD-445C-92B5-A473A1632D76}.Debug|Any CPU.Build.0 = Debug|Any CPU
		{F4F992A6-7DAD-445C-92B5-A473A1632D76}.Release|Any CPU.ActiveCfg = Release|Any CPU
		{F4F992A6-7DAD-445C-92B5-A473A1632D76}.Release|Any CPU.Build.0 = Release|Any CPU
		{53F3FD64-FBB4-4558-B9CF-5A16181DF958}.Debug|Any CPU.ActiveCfg = Debug|Any CPU
		{53F3FD64-FBB4-4558-B9CF-5A16181DF958}.Debug|Any CPU.Build.0 = Debug|Any CPU
		{53F3FD64-FBB4-4558-B9CF-5A16181DF958}.Release|Any CPU.ActiveCfg = Release|Any CPU
		{53F3FD64-FBB4-4558-B9CF-5A16181DF958}.Release|Any CPU.Build.0 = Release|Any CPU
	EndGlobalSection
EndGlobal
